<Solution>
  <Folder Name="/src/">
    <Project Path="src/GoingMy.Auth.API/GoingMy.Auth.API.csproj" />
  </Folder>
  <Folder Name="/tests/">
    <Project Path="tests/GoingMy.Auth.IntegrationTests/GoingMy.Auth.IntegrationTests.csproj" />
    <Project Path="tests/GoingMy.Auth.Tests/GoingMy.Auth.Tests.csproj" />
  </Folder>
</Solution>
