<Solution>
  <Folder Name="/src/">
    <Project Path="src/GoingMy.Upload.API/GoingMy.Upload.API.csproj" />
    <Project Path="src/GoingMy.Upload.Application/GoingMy.Upload.Application.csproj" />
    <Project Path="src/GoingMy.Upload.Domain/GoingMy.Upload.Domain.csproj" />
    <Project Path="src/GoingMy.Upload.Infrastructure/GoingMy.Upload.Infrastructure.csproj" />
  </Folder>
</Solution>
